
Microsoft Visual Studio Solution File, Format Version 12.00
# Visual Studio Version 17
VisualStudioVersion = 17.5.33424.131
MinimumVisualStudioVersion = 10.0.40219.1
Project("{FAE04EC0-301F-11D3-BF4B-00C04F79EFBC}") = "Text-Based-Game-System", "Text-Based-Game-System\Text-Based-Game-System.csproj", "{9E47F8D3-A884-438F-9598-727475F1ACEF}"
EndProject
Global
	GlobalSection(SolutionConfigurationPlatforms) = preSolution
		Debug|Any CPU = Debug|Any CPU
		Release|Any CPU = Release|Any CPU
	EndGlobalSection
	GlobalSection(ProjectConfigurationPlatforms) = postSolution
		{9E47F8D3-A884-438F-9598-727475F1ACEF}.Debug|Any CPU.ActiveCfg = Debug|Any CPU
		{9E47F8D3-A884-438F-9598-727475F1ACEF}.Debug|Any CPU.Build.0 = Debug|Any CPU
		{9E47F8D3-A884-438F-9598-727475F1ACEF}.Release|Any CPU.ActiveCfg = Release|Any CPU
		{9E47F8D3-A884-438F-9598-727475F1ACEF}.Release|Any CPU.Build.0 = Release|Any CPU
	EndGlobalSection
	GlobalSection(SolutionProperties) = preSolution
		HideSolutionNode = FALSE
	EndGlobalSection
	GlobalSection(ExtensibilityGlobals) = postSolution
		SolutionGuid = {D7F56260-A3B2-4D41-A46F-29A3D1D63F87}
	EndGlobalSection
EndGlobal
